{
  "version": "2",
  "remote": {
    "https://deno.land/x/comrak@0.1.1/mod.ts": "da459d87c9ae5a2e6b10ee9068d8361cdf376e4342733e8c7009409062f37a89",
    "https://deno.land/x/comrak@0.1.1/pkg/comrak_wasm.d.ts": "cccba9af0e0dfdbe3ceed1e4610eddffa593ad053000334c83d194843112de3f",
    "https://deno.land/x/comrak@0.1.1/pkg/comrak_wasm.js": "41a1c08c28a0cb44698ee3877f24f347f914d3e476b390639c3c188fcef0ed2d",
    "https://deno.land/x/comrak@0.1.1/wasm.js": "8adc9bd849ed47cec36e3584f6bb0396cb44dbc73a912b9fdc5867344fcb8d1d",
    "https://deno.land/x/literal_html@1.1.0/mod.ts": "52b0de822cc5529d6051584fe98c5b8d75f2bfb063f1df86df7b07513cc353a2",
    "https://deno.land/x/lz4@v0.1.2/mod.ts": "4decfc1a3569d03fd1813bd39128b71c8f082850fe98ecfdde20025772916582",
    "https://deno.land/x/lz4@v0.1.2/wasm.js": "b9c65605327ba273f0c76a6dc596ec534d4cda0f0225d7a94ebc606782319e46"
  }
}

